// !$*UTF8*$!
{
	archiveVersion = 1;
	classes = {
	};
	objectVersion = 51;
	objects = {

/* Begin PBXBuildFile section */
		1A3D864423B22BB2005DE595 /* Camera.swift in Sources */ = {isa = PBXBuildFile; fileRef = 1A3D864323B22BB2005DE595 /* Camera.swift */; };
		1A3D864623B22DA5005DE595 /* Camera.storyboard in Resources */ = {isa = PBXBuildFile; fileRef = 1A3D864523B22DA5005DE595 /* Camera.storyboard */; };
		1A3D864823B24601005DE595 /* FaceTrakingTests in Resources */ = {isa = PBXBuildFile; fileRef = 1A3D864723B24600005DE595 /* FaceTrakingTests */; };
		1A3D864A23B24612005DE595 /* FaceTrakingUITests in Resources */ = {isa = PBXBuildFile; fileRef = 1A3D864923B24612005DE595 /* FaceTrakingUITests */; };
		1A7EE91823EA4851007BA87D /* ChatViewController.swift in Sources */ = {isa = PBXBuildFile; fileRef = 1A7EE91723EA4851007BA87D /* ChatViewController.swift */; };
		1A7EE91A23EA55C7007BA87D /* MockMessage.swift in Sources */ = {isa = PBXBuildFile; fileRef = 1A7EE91923EA55C7007BA87D /* MockMessage.swift */; };
		1A7EE91C23ED267E007BA87D /* FlashButton.swift in Sources */ = {isa = PBXBuildFile; fileRef = 1A7EE91B23ED267E007BA87D /* FlashButton.swift */; };
		1AA621C1239F719C0077D331 /* LoginViewController.swift in Sources */ = {isa = PBXBuildFile; fileRef = 1AA621C0239F719C0077D331 /* LoginViewController.swift */; };
		1AA621C3239F724D0077D331 /* GoogleService-Info.plist in Resources */ = {isa = PBXBuildFile; fileRef = 1AA621C2239F724D0077D331 /* GoogleService-Info.plist */; };
		1AC5D1DF23F4F334004EA73E /* FriendDetailViewController.swift in Sources */ = {isa = PBXBuildFile; fileRef = 1AC5D1DE23F4F334004EA73E /* FriendDetailViewController.swift */; };
		1AEBD04E23A75B6C00B362AB /* AccountSetViewController.swift in Sources */ = {isa = PBXBuildFile; fileRef = 1AEBD04D23A75B6C00B362AB /* AccountSetViewController.swift */; };
		1AEBD05023A76A2700B362AB /* MyAccountViewController.swift in Sources */ = {isa = PBXBuildFile; fileRef = 1AEBD04F23A76A2700B362AB /* MyAccountViewController.swift */; };
		1AEBD05223A9B6BA00B362AB /* GenerateQR.swift in Sources */ = {isa = PBXBuildFile; fileRef = 1AEBD05123A9B6BA00B362AB /* GenerateQR.swift */; };
		1AFC8CB223D6D1B1001725D9 /* PageViewController.swift in Sources */ = {isa = PBXBuildFile; fileRef = 1AFC8CB123D6D1B1001725D9 /* PageViewController.swift */; };
		1AFC8CB423D6D2D5001725D9 /* ChatListViewController.swift in Sources */ = {isa = PBXBuildFile; fileRef = 1AFC8CB323D6D2D5001725D9 /* ChatListViewController.swift */; };
		2424365A23E5ABCE00759EE4 /* CameraController.swift in Sources */ = {isa = PBXBuildFile; fileRef = 2424365923E5ABCE00759EE4 /* CameraController.swift */; };
		2424365C23E5ABE100759EE4 /* test.storyboard in Resources */ = {isa = PBXBuildFile; fileRef = 2424365B23E5ABE100759EE4 /* test.storyboard */; };
		2424369823E5B58A00759EE4 /* DeepAR.framework in Frameworks */ = {isa = PBXBuildFile; fileRef = 2424365723E5ABC400759EE4 /* DeepAR.framework */; };
		2424369923E5B58A00759EE4 /* DeepAR.framework in Embed Frameworks */ = {isa = PBXBuildFile; fileRef = 2424365723E5ABC400759EE4 /* DeepAR.framework */; settings = {ATTRIBUTES = (CodeSignOnCopy, RemoveHeadersOnCopy, ); }; };
		242436B823E5C48E00759EE4 /* blizzard in Resources */ = {isa = PBXBuildFile; fileRef = 2424369C23E5C48400759EE4 /* blizzard */; };
		242436B923E5C48E00759EE4 /* twistedFace in Resources */ = {isa = PBXBuildFile; fileRef = 2424369D23E5C48400759EE4 /* twistedFace */; };
		242436BA23E5C48E00759EE4 /* dalmatian in Resources */ = {isa = PBXBuildFile; fileRef = 2424369E23E5C48400759EE4 /* dalmatian */; };
		242436BB23E5C48E00759EE4 /* realvhs in Resources */ = {isa = PBXBuildFile; fileRef = 2424369F23E5C48500759EE4 /* realvhs */; };
		242436BC23E5C48E00759EE4 /* sleepingmask in Resources */ = {isa = PBXBuildFile; fileRef = 242436A023E5C48500759EE4 /* sleepingmask */; };
		242436BD23E5C48E00759EE4 /* teddycigar in Resources */ = {isa = PBXBuildFile; fileRef = 242436A123E5C48600759EE4 /* teddycigar */; };
		242436BE23E5C48E00759EE4 /* kanye in Resources */ = {isa = PBXBuildFile; fileRef = 242436A223E5C48600759EE4 /* kanye */; };
		242436BF23E5C48E00759EE4 /* bigmouth in Resources */ = {isa = PBXBuildFile; fileRef = 242436A323E5C48600759EE4 /* bigmouth */; };
		242436C023E5C48E00759EE4 /* grumpycat in Resources */ = {isa = PBXBuildFile; fileRef = 242436A423E5C48700759EE4 /* grumpycat */; };
		242436C123E5C48E00759EE4 /* tv80 in Resources */ = {isa = PBXBuildFile; fileRef = 242436A523E5C48700759EE4 /* tv80 */; };
		242436C223E5C48E00759EE4 /* slash in Resources */ = {isa = PBXBuildFile; fileRef = 242436A623E5C48700759EE4 /* slash */; };
		242436C323E5C48E00759EE4 /* aviators in Resources */ = {isa = PBXBuildFile; fileRef = 242436A723E5C48800759EE4 /* aviators */; };
		242436C423E5C48E00759EE4 /* filmcolorperfection in Resources */ = {isa = PBXBuildFile; fileRef = 242436A823E5C48800759EE4 /* filmcolorperfection */; };
		242436C523E5C48E00759EE4 /* koala in Resources */ = {isa = PBXBuildFile; fileRef = 242436A923E5C48800759EE4 /* koala */; };
		242436C623E5C48E00759EE4 /* fatify in Resources */ = {isa = PBXBuildFile; fileRef = 242436AA23E5C48900759EE4 /* fatify */; };
		242436C723E5C48E00759EE4 /* rain in Resources */ = {isa = PBXBuildFile; fileRef = 242436AB23E5C48900759EE4 /* rain */; };
		242436C823E5C48E00759EE4 /* sepia in Resources */ = {isa = PBXBuildFile; fileRef = 242436AC23E5C48900759EE4 /* sepia */; };
		242436C923E5C48E00759EE4 /* flowers in Resources */ = {isa = PBXBuildFile; fileRef = 242436AD23E5C48A00759EE4 /* flowers */; };
		242436CA23E5C48E00759EE4 /* mudMask in Resources */ = {isa = PBXBuildFile; fileRef = 242436AE23E5C48A00759EE4 /* mudMask */; };
		242436CB23E5C48E00759EE4 /* tripleface in Resources */ = {isa = PBXBuildFile; fileRef = 242436AF23E5C48B00759EE4 /* tripleface */; };
		242436CC23E5C48E00759EE4 /* drawingmanga in Resources */ = {isa = PBXBuildFile; fileRef = 242436B023E5C48B00759EE4 /* drawingmanga */; };
		242436CD23E5C48E00759EE4 /* fire in Resources */ = {isa = PBXBuildFile; fileRef = 242436B123E5C48C00759EE4 /* fire */; };
		242436CE23E5C48E00759EE4 /* lion in Resources */ = {isa = PBXBuildFile; fileRef = 242436B223E5C48C00759EE4 /* lion */; };
		242436CF23E5C48E00759EE4 /* bleachbypass in Resources */ = {isa = PBXBuildFile; fileRef = 242436B323E5C48C00759EE4 /* bleachbypass */; };
		242436D023E5C48E00759EE4 /* heart in Resources */ = {isa = PBXBuildFile; fileRef = 242436B423E5C48D00759EE4 /* heart */; };
		242436D123E5C48E00759EE4 /* obama in Resources */ = {isa = PBXBuildFile; fileRef = 242436B523E5C48D00759EE4 /* obama */; };
		242436D223E5C48E00759EE4 /* pug in Resources */ = {isa = PBXBuildFile; fileRef = 242436B623E5C48D00759EE4 /* pug */; };
		242436D323E5C48E00759EE4 /* smallface in Resources */ = {isa = PBXBuildFile; fileRef = 242436B723E5C48E00759EE4 /* smallface */; };
		2455B51923E32FE2000D7EC6 /* group.swift in Sources */ = {isa = PBXBuildFile; fileRef = 2455B51823E32FE2000D7EC6 /* group.swift */; };
		2455B51B23E33AD2000D7EC6 /* Vault.swift in Sources */ = {isa = PBXBuildFile; fileRef = 2455B51A23E33AD2000D7EC6 /* Vault.swift */; };
		2455B51D23E57723000D7EC6 /* Account.swift in Sources */ = {isa = PBXBuildFile; fileRef = 2455B51C23E57723000D7EC6 /* Account.swift */; };
		2455B52023E57FF1000D7EC6 /* DB.swift in Sources */ = {isa = PBXBuildFile; fileRef = 2455B51F23E57FF1000D7EC6 /* DB.swift */; };
		246557A523E12BF20075E40E /* UIView+Border.swift in Sources */ = {isa = PBXBuildFile; fileRef = 246557A423E12BF20075E40E /* UIView+Border.swift */; };
		246557B123E1DB210075E40E /* Friend.swift in Sources */ = {isa = PBXBuildFile; fileRef = 246557B023E1DB210075E40E /* Friend.swift */; };
		246557B323E271450075E40E /* GroupCreateViewController.swift in Sources */ = {isa = PBXBuildFile; fileRef = 246557B223E271450075E40E /* GroupCreateViewController.swift */; };
		246D919223E27F3D00220622 /* UIViewController+Extension.swift in Sources */ = {isa = PBXBuildFile; fileRef = 246D919123E27F3D00220622 /* UIViewController+Extension.swift */; };
		246D919423E309CD00220622 /* GroupSettingViewController.swift in Sources */ = {isa = PBXBuildFile; fileRef = 246D919323E309CC00220622 /* GroupSettingViewController.swift */; };
		7164CA4996EF3409D3963D8B /* Pods_Sunny.framework in Frameworks */ = {isa = PBXBuildFile; fileRef = 7289F2C5335F065664C861B0 /* Pods_Sunny.framework */; };
		7E78DCFB23A9CAD40045923D /* Sub.storyboard in Resources */ = {isa = PBXBuildFile; fileRef = 7E78DCF923A9CAD40045923D /* Sub.storyboard */; };
		CC5D0AF423AC6AC200030825 /* StringExt.swift in Sources */ = {isa = PBXBuildFile; fileRef = CC5D0AF323AC6AC200030825 /* StringExt.swift */; };
		CC7A2B6023D1529D00D0127A /* FriendTableViewController.swift in Sources */ = {isa = PBXBuildFile; fileRef = CC7A2B5F23D1529D00D0127A /* FriendTableViewController.swift */; };
		CC995947239A159200DEA54E /* AccountcreateViewController.swift in Sources */ = {isa = PBXBuildFile; fileRef = CC995946239A159200DEA54E /* AccountcreateViewController.swift */; };
		CC995949239A251600DEA54E /* topViewController.swift in Sources */ = {isa = PBXBuildFile; fileRef = CC995948239A251600DEA54E /* topViewController.swift */; };
		CCA17C4223B09B9F00323811 /* AccountDetailsViewController.swift in Sources */ = {isa = PBXBuildFile; fileRef = CCA17C4123B09B9F00323811 /* AccountDetailsViewController.swift */; };
		CCB193F923AB073400244318 /* QrcodeReadViewController.swift in Sources */ = {isa = PBXBuildFile; fileRef = CCB193F823AB073400244318 /* QrcodeReadViewController.swift */; };
		CCB193FB23AB141300244318 /* AddFriendoAuthViewController.swift in Sources */ = {isa = PBXBuildFile; fileRef = CCB193FA23AB141300244318 /* AddFriendoAuthViewController.swift */; };
		CCB193FD23AB14A000244318 /* AddFriendViewController.swift in Sources */ = {isa = PBXBuildFile; fileRef = CCB193FC23AB14A000244318 /* AddFriendViewController.swift */; };
		CCB35A7B23D56CB300027D13 /* GroupTableViewController.swift in Sources */ = {isa = PBXBuildFile; fileRef = CCB35A7A23D56CB300027D13 /* GroupTableViewController.swift */; };
		CCFAE9962399E9100003F3E2 /* AppDelegate.swift in Sources */ = {isa = PBXBuildFile; fileRef = CCFAE9952399E9100003F3E2 /* AppDelegate.swift */; };
		CCFAE9982399E9100003F3E2 /* SceneDelegate.swift in Sources */ = {isa = PBXBuildFile; fileRef = CCFAE9972399E9100003F3E2 /* SceneDelegate.swift */; };
		CCFAE99A2399E9100003F3E2 /* ViewController.swift in Sources */ = {isa = PBXBuildFile; fileRef = CCFAE9992399E9100003F3E2 /* ViewController.swift */; };
		CCFAE99D2399E9100003F3E2 /* Main.storyboard in Resources */ = {isa = PBXBuildFile; fileRef = CCFAE99B2399E9100003F3E2 /* Main.storyboard */; };
		CCFAE9A02399E9100003F3E2 /* Sunny.xcdatamodeld in Sources */ = {isa = PBXBuildFile; fileRef = CCFAE99E2399E9100003F3E2 /* Sunny.xcdatamodeld */; };
		CCFAE9A22399E9160003F3E2 /* Assets.xcassets in Resources */ = {isa = PBXBuildFile; fileRef = CCFAE9A12399E9160003F3E2 /* Assets.xcassets */; };
/* End PBXBuildFile section */

/* Begin PBXCopyFilesBuildPhase section */
		2424369A23E5B58A00759EE4 /* Embed Frameworks */ = {
			isa = PBXCopyFilesBuildPhase;
			buildActionMask = 2147483647;
			dstPath = "";
			dstSubfolderSpec = 10;
			files = (
				2424369923E5B58A00759EE4 /* DeepAR.framework in Embed Frameworks */,
			);
			name = "Embed Frameworks";
			runOnlyForDeploymentPostprocessing = 0;
		};
/* End PBXCopyFilesBuildPhase section */

/* Begin PBXFileReference section */
		1A3D864323B22BB2005DE595 /* Camera.swift */ = {isa = PBXFileReference; lastKnownFileType = sourcecode.swift; path = Camera.swift; sourceTree = "<group>"; };
		1A3D864523B22DA5005DE595 /* Camera.storyboard */ = {isa = PBXFileReference; lastKnownFileType = file.storyboard; path = Camera.storyboard; sourceTree = "<group>"; };
		1A3D864723B24600005DE595 /* FaceTrakingTests */ = {isa = PBXFileReference; lastKnownFileType = folder; path = FaceTrakingTests; sourceTree = "<group>"; };
		1A3D864923B24612005DE595 /* FaceTrakingUITests */ = {isa = PBXFileReference; lastKnownFileType = folder; path = FaceTrakingUITests; sourceTree = "<group>"; };
		1A7EE91723EA4851007BA87D /* ChatViewController.swift */ = {isa = PBXFileReference; lastKnownFileType = sourcecode.swift; path = ChatViewController.swift; sourceTree = "<group>"; };
		1A7EE91923EA55C7007BA87D /* MockMessage.swift */ = {isa = PBXFileReference; lastKnownFileType = sourcecode.swift; path = MockMessage.swift; sourceTree = "<group>"; };
		1A7EE91B23ED267E007BA87D /* FlashButton.swift */ = {isa = PBXFileReference; lastKnownFileType = sourcecode.swift; path = FlashButton.swift; sourceTree = "<group>"; };
		1AA621C0239F719C0077D331 /* LoginViewController.swift */ = {isa = PBXFileReference; lastKnownFileType = sourcecode.swift; path = LoginViewController.swift; sourceTree = "<group>"; };
		1AA621C2239F724D0077D331 /* GoogleService-Info.plist */ = {isa = PBXFileReference; fileEncoding = 4; lastKnownFileType = text.plist.xml; path = "GoogleService-Info.plist"; sourceTree = "<group>"; };
		1AC5D1DE23F4F334004EA73E /* FriendDetailViewController.swift */ = {isa = PBXFileReference; fileEncoding = 4; lastKnownFileType = sourcecode.swift; path = FriendDetailViewController.swift; sourceTree = "<group>"; };
		1AEBD04D23A75B6C00B362AB /* AccountSetViewController.swift */ = {isa = PBXFileReference; lastKnownFileType = sourcecode.swift; path = AccountSetViewController.swift; sourceTree = "<group>"; };
		1AEBD04F23A76A2700B362AB /* MyAccountViewController.swift */ = {isa = PBXFileReference; lastKnownFileType = sourcecode.swift; path = MyAccountViewController.swift; sourceTree = "<group>"; };
		1AEBD05123A9B6BA00B362AB /* GenerateQR.swift */ = {isa = PBXFileReference; lastKnownFileType = sourcecode.swift; path = GenerateQR.swift; sourceTree = "<group>"; };
		1AFC8CB123D6D1B1001725D9 /* PageViewController.swift */ = {isa = PBXFileReference; lastKnownFileType = sourcecode.swift; path = PageViewController.swift; sourceTree = "<group>"; };
		1AFC8CB323D6D2D5001725D9 /* ChatListViewController.swift */ = {isa = PBXFileReference; lastKnownFileType = sourcecode.swift; path = ChatListViewController.swift; sourceTree = "<group>"; };
		2424365723E5ABC400759EE4 /* DeepAR.framework */ = {isa = PBXFileReference; lastKnownFileType = wrapper.framework; path = DeepAR.framework; sourceTree = "<group>"; };
		2424365923E5ABCE00759EE4 /* CameraController.swift */ = {isa = PBXFileReference; fileEncoding = 4; lastKnownFileType = sourcecode.swift; path = CameraController.swift; sourceTree = "<group>"; };
		2424365B23E5ABE100759EE4 /* test.storyboard */ = {isa = PBXFileReference; fileEncoding = 4; lastKnownFileType = file.storyboard; path = test.storyboard; sourceTree = "<group>"; };
		2424369C23E5C48400759EE4 /* blizzard */ = {isa = PBXFileReference; lastKnownFileType = file; path = blizzard; sourceTree = "<group>"; };
		2424369D23E5C48400759EE4 /* twistedFace */ = {isa = PBXFileReference; lastKnownFileType = file; path = twistedFace; sourceTree = "<group>"; };
		2424369E23E5C48400759EE4 /* dalmatian */ = {isa = PBXFileReference; lastKnownFileType = file; path = dalmatian; sourceTree = "<group>"; };
		2424369F23E5C48500759EE4 /* realvhs */ = {isa = PBXFileReference; lastKnownFileType = file; path = realvhs; sourceTree = "<group>"; };
		242436A023E5C48500759EE4 /* sleepingmask */ = {isa = PBXFileReference; lastKnownFileType = file; path = sleepingmask; sourceTree = "<group>"; };
		242436A123E5C48600759EE4 /* teddycigar */ = {isa = PBXFileReference; lastKnownFileType = file; path = teddycigar; sourceTree = "<group>"; };
		242436A223E5C48600759EE4 /* kanye */ = {isa = PBXFileReference; lastKnownFileType = file; path = kanye; sourceTree = "<group>"; };
		242436A323E5C48600759EE4 /* bigmouth */ = {isa = PBXFileReference; lastKnownFileType = file; path = bigmouth; sourceTree = "<group>"; };
		242436A423E5C48700759EE4 /* grumpycat */ = {isa = PBXFileReference; lastKnownFileType = file; path = grumpycat; sourceTree = "<group>"; };
		242436A523E5C48700759EE4 /* tv80 */ = {isa = PBXFileReference; lastKnownFileType = file; path = tv80; sourceTree = "<group>"; };
		242436A623E5C48700759EE4 /* slash */ = {isa = PBXFileReference; lastKnownFileType = file; path = slash; sourceTree = "<group>"; };
		242436A723E5C48800759EE4 /* aviators */ = {isa = PBXFileReference; lastKnownFileType = file; path = aviators; sourceTree = "<group>"; };
		242436A823E5C48800759EE4 /* filmcolorperfection */ = {isa = PBXFileReference; lastKnownFileType = file; path = filmcolorperfection; sourceTree = "<group>"; };
		242436A923E5C48800759EE4 /* koala */ = {isa = PBXFileReference; lastKnownFileType = file; path = koala; sourceTree = "<group>"; };
		242436AA23E5C48900759EE4 /* fatify */ = {isa = PBXFileReference; lastKnownFileType = file; path = fatify; sourceTree = "<group>"; };
		242436AB23E5C48900759EE4 /* rain */ = {isa = PBXFileReference; lastKnownFileType = file; path = rain; sourceTree = "<group>"; };
		242436AC23E5C48900759EE4 /* sepia */ = {isa = PBXFileReference; lastKnownFileType = file; path = sepia; sourceTree = "<group>"; };
		242436AD23E5C48A00759EE4 /* flowers */ = {isa = PBXFileReference; lastKnownFileType = file; path = flowers; sourceTree = "<group>"; };
		242436AE23E5C48A00759EE4 /* mudMask */ = {isa = PBXFileReference; lastKnownFileType = file; path = mudMask; sourceTree = "<group>"; };
		242436AF23E5C48B00759EE4 /* tripleface */ = {isa = PBXFileReference; lastKnownFileType = file; path = tripleface; sourceTree = "<group>"; };
		242436B023E5C48B00759EE4 /* drawingmanga */ = {isa = PBXFileReference; lastKnownFileType = file; path = drawingmanga; sourceTree = "<group>"; };
		242436B123E5C48C00759EE4 /* fire */ = {isa = PBXFileReference; lastKnownFileType = file; path = fire; sourceTree = "<group>"; };
		242436B223E5C48C00759EE4 /* lion */ = {isa = PBXFileReference; lastKnownFileType = file; path = lion; sourceTree = "<group>"; };
		242436B323E5C48C00759EE4 /* bleachbypass */ = {isa = PBXFileReference; lastKnownFileType = file; path = bleachbypass; sourceTree = "<group>"; };
		242436B423E5C48D00759EE4 /* heart */ = {isa = PBXFileReference; lastKnownFileType = file; path = heart; sourceTree = "<group>"; };
		242436B523E5C48D00759EE4 /* obama */ = {isa = PBXFileReference; lastKnownFileType = file; path = obama; sourceTree = "<group>"; };
		242436B623E5C48D00759EE4 /* pug */ = {isa = PBXFileReference; lastKnownFileType = file; path = pug; sourceTree = "<group>"; };
		242436B723E5C48E00759EE4 /* smallface */ = {isa = PBXFileReference; lastKnownFileType = file; path = smallface; sourceTree = "<group>"; };
		2455B51823E32FE2000D7EC6 /* group.swift */ = {isa = PBXFileReference; lastKnownFileType = sourcecode.swift; path = group.swift; sourceTree = "<group>"; };
		2455B51A23E33AD2000D7EC6 /* Vault.swift */ = {isa = PBXFileReference; lastKnownFileType = sourcecode.swift; path = Vault.swift; sourceTree = "<group>"; };
		2455B51C23E57723000D7EC6 /* Account.swift */ = {isa = PBXFileReference; lastKnownFileType = sourcecode.swift; path = Account.swift; sourceTree = "<group>"; };
		2455B51F23E57FF1000D7EC6 /* DB.swift */ = {isa = PBXFileReference; lastKnownFileType = sourcecode.swift; path = DB.swift; sourceTree = "<group>"; };
		246557A423E12BF20075E40E /* UIView+Border.swift */ = {isa = PBXFileReference; fileEncoding = 4; lastKnownFileType = sourcecode.swift; path = "UIView+Border.swift"; sourceTree = "<group>"; };
		246557B023E1DB210075E40E /* Friend.swift */ = {isa = PBXFileReference; lastKnownFileType = sourcecode.swift; path = Friend.swift; sourceTree = "<group>"; };
		246557B223E271450075E40E /* GroupCreateViewController.swift */ = {isa = PBXFileReference; lastKnownFileType = sourcecode.swift; path = GroupCreateViewController.swift; sourceTree = "<group>"; };
		246D919123E27F3D00220622 /* UIViewController+Extension.swift */ = {isa = PBXFileReference; lastKnownFileType = sourcecode.swift; path = "UIViewController+Extension.swift"; sourceTree = "<group>"; };
		246D919323E309CC00220622 /* GroupSettingViewController.swift */ = {isa = PBXFileReference; lastKnownFileType = sourcecode.swift; path = GroupSettingViewController.swift; sourceTree = "<group>"; };
		7289F2C5335F065664C861B0 /* Pods_Sunny.framework */ = {isa = PBXFileReference; explicitFileType = wrapper.framework; includeInIndex = 0; path = Pods_Sunny.framework; sourceTree = BUILT_PRODUCTS_DIR; };
		7E78DCFA23A9CAD40045923D /* Base */ = {isa = PBXFileReference; lastKnownFileType = file.storyboard; name = Base; path = Base.lproj/Sub.storyboard; sourceTree = "<group>"; };
		ABEEE697902595EB4B4ECAEA /* Pods-Sunny.debug.xcconfig */ = {isa = PBXFileReference; includeInIndex = 1; lastKnownFileType = text.xcconfig; name = "Pods-Sunny.debug.xcconfig"; path = "Target Support Files/Pods-Sunny/Pods-Sunny.debug.xcconfig"; sourceTree = "<group>"; };
		C8DE33C4F96F24FAD806A860 /* Pods-Sunny.release.xcconfig */ = {isa = PBXFileReference; includeInIndex = 1; lastKnownFileType = text.xcconfig; name = "Pods-Sunny.release.xcconfig"; path = "Target Support Files/Pods-Sunny/Pods-Sunny.release.xcconfig"; sourceTree = "<group>"; };
		CC5D0AF323AC6AC200030825 /* StringExt.swift */ = {isa = PBXFileReference; lastKnownFileType = sourcecode.swift; path = StringExt.swift; sourceTree = "<group>"; };
		CC7A2B5F23D1529D00D0127A /* FriendTableViewController.swift */ = {isa = PBXFileReference; lastKnownFileType = sourcecode.swift; path = FriendTableViewController.swift; sourceTree = "<group>"; };
		CC995946239A159200DEA54E /* AccountcreateViewController.swift */ = {isa = PBXFileReference; lastKnownFileType = sourcecode.swift; path = AccountcreateViewController.swift; sourceTree = "<group>"; };
		CC995948239A251600DEA54E /* topViewController.swift */ = {isa = PBXFileReference; lastKnownFileType = sourcecode.swift; path = topViewController.swift; sourceTree = "<group>"; };
		CCA17C4123B09B9F00323811 /* AccountDetailsViewController.swift */ = {isa = PBXFileReference; lastKnownFileType = sourcecode.swift; path = AccountDetailsViewController.swift; sourceTree = "<group>"; };
		CCB193F823AB073400244318 /* QrcodeReadViewController.swift */ = {isa = PBXFileReference; lastKnownFileType = sourcecode.swift; path = QrcodeReadViewController.swift; sourceTree = "<group>"; };
		CCB193FA23AB141300244318 /* AddFriendoAuthViewController.swift */ = {isa = PBXFileReference; lastKnownFileType = sourcecode.swift; path = AddFriendoAuthViewController.swift; sourceTree = "<group>"; };
		CCB193FC23AB14A000244318 /* AddFriendViewController.swift */ = {isa = PBXFileReference; lastKnownFileType = sourcecode.swift; path = AddFriendViewController.swift; sourceTree = "<group>"; };
		CCB35A7A23D56CB300027D13 /* GroupTableViewController.swift */ = {isa = PBXFileReference; lastKnownFileType = sourcecode.swift; path = GroupTableViewController.swift; sourceTree = "<group>"; };
		CCFAE9922399E9100003F3E2 /* Sunny.app */ = {isa = PBXFileReference; explicitFileType = wrapper.application; includeInIndex = 0; path = Sunny.app; sourceTree = BUILT_PRODUCTS_DIR; };
		CCFAE9952399E9100003F3E2 /* AppDelegate.swift */ = {isa = PBXFileReference; lastKnownFileType = sourcecode.swift; path = AppDelegate.swift; sourceTree = "<group>"; };
		CCFAE9972399E9100003F3E2 /* SceneDelegate.swift */ = {isa = PBXFileReference; lastKnownFileType = sourcecode.swift; path = SceneDelegate.swift; sourceTree = "<group>"; };
		CCFAE9992399E9100003F3E2 /* ViewController.swift */ = {isa = PBXFileReference; lastKnownFileType = sourcecode.swift; path = ViewController.swift; sourceTree = "<group>"; };
		CCFAE99C2399E9100003F3E2 /* Base */ = {isa = PBXFileReference; lastKnownFileType = file.storyboard; name = Base; path = Base.lproj/Main.storyboard; sourceTree = "<group>"; };
		CCFAE99F2399E9100003F3E2 /* Sunny.xcdatamodel */ = {isa = PBXFileReference; lastKnownFileType = wrapper.xcdatamodel; path = Sunny.xcdatamodel; sourceTree = "<group>"; };
		CCFAE9A12399E9160003F3E2 /* Assets.xcassets */ = {isa = PBXFileReference; lastKnownFileType = folder.assetcatalog; path = Assets.xcassets; sourceTree = "<group>"; };
		CCFAE9A62399E9160003F3E2 /* Info.plist */ = {isa = PBXFileReference; lastKnownFileType = text.plist.xml; path = Info.plist; sourceTree = "<group>"; };
/* End PBXFileReference section */

/* Begin PBXFrameworksBuildPhase section */
		CCFAE98F2399E9100003F3E2 /* Frameworks */ = {
			isa = PBXFrameworksBuildPhase;
			buildActionMask = 2147483647;
			files = (
				7164CA4996EF3409D3963D8B /* Pods_Sunny.framework in Frameworks */,
				2424369823E5B58A00759EE4 /* DeepAR.framework in Frameworks */,
			);
			runOnlyForDeploymentPostprocessing = 0;
		};
/* End PBXFrameworksBuildPhase section */

/* Begin PBXGroup section */
		0F1645C168B10E78B7280563 /* Pods */ = {
			isa = PBXGroup;
			children = (
				ABEEE697902595EB4B4ECAEA /* Pods-Sunny.debug.xcconfig */,
				C8DE33C4F96F24FAD806A860 /* Pods-Sunny.release.xcconfig */,
			);
			path = Pods;
			sourceTree = "<group>";
		};
		2424369B23E5C44100759EE4 /* Effects */ = {
			isa = PBXGroup;
			children = (
				242436A723E5C48800759EE4 /* aviators */,
				242436A323E5C48600759EE4 /* bigmouth */,
				242436B323E5C48C00759EE4 /* bleachbypass */,
				2424369C23E5C48400759EE4 /* blizzard */,
				2424369E23E5C48400759EE4 /* dalmatian */,
				242436B023E5C48B00759EE4 /* drawingmanga */,
				242436AA23E5C48900759EE4 /* fatify */,
				242436A823E5C48800759EE4 /* filmcolorperfection */,
				242436B123E5C48C00759EE4 /* fire */,
				242436AD23E5C48A00759EE4 /* flowers */,
				242436A423E5C48700759EE4 /* grumpycat */,
				242436B423E5C48D00759EE4 /* heart */,
				242436A223E5C48600759EE4 /* kanye */,
				242436A923E5C48800759EE4 /* koala */,
				242436B223E5C48C00759EE4 /* lion */,
				242436AE23E5C48A00759EE4 /* mudMask */,
				242436B523E5C48D00759EE4 /* obama */,
				242436B623E5C48D00759EE4 /* pug */,
				242436AB23E5C48900759EE4 /* rain */,
				2424369F23E5C48500759EE4 /* realvhs */,
				242436AC23E5C48900759EE4 /* sepia */,
				242436A623E5C48700759EE4 /* slash */,
				242436A023E5C48500759EE4 /* sleepingmask */,
				242436B723E5C48E00759EE4 /* smallface */,
				242436A123E5C48600759EE4 /* teddycigar */,
				242436AF23E5C48B00759EE4 /* tripleface */,
				242436A523E5C48700759EE4 /* tv80 */,
				2424369D23E5C48400759EE4 /* twistedFace */,
			);
			path = Effects;
			sourceTree = "<group>";
		};
		2455B51E23E57FB4000D7EC6 /* db */ = {
			isa = PBXGroup;
			children = (
				2455B51F23E57FF1000D7EC6 /* DB.swift */,
			);
			path = db;
			sourceTree = "<group>";
		};
		246557A623E1BD650075E40E /* Login */ = {
			isa = PBXGroup;
			children = (
				CC995948239A251600DEA54E /* topViewController.swift */,
				CCFAE9992399E9100003F3E2 /* ViewController.swift */,
				1AA621C0239F719C0077D331 /* LoginViewController.swift */,
				CCFAE99B2399E9100003F3E2 /* Main.storyboard */,
			);
			path = Login;
			sourceTree = "<group>";
		};
		246557A723E1BDCF0075E40E /* Menu */ = {
			isa = PBXGroup;
			children = (
				246557AE23E1BF6B0075E40E /* camera */,
				246557AC23E1BE9B0075E40E /* chat */,
				246557AB23E1BE840075E40E /* group */,
				246557AA23E1BE740075E40E /* friend */,
				246557A923E1BE5F0075E40E /* qr */,
				246557A823E1BDFD0075E40E /* account */,
			);
			path = Menu;
			sourceTree = "<group>";
		};
		246557A823E1BDFD0075E40E /* account */ = {
			isa = PBXGroup;
			children = (
				CC995946239A159200DEA54E /* AccountcreateViewController.swift */,
				1AEBD04F23A76A2700B362AB /* MyAccountViewController.swift */,
				1AEBD04D23A75B6C00B362AB /* AccountSetViewController.swift */,
			);
			path = account;
			sourceTree = "<group>";
		};
		246557A923E1BE5F0075E40E /* qr */ = {
			isa = PBXGroup;
			children = (
				CCB193F823AB073400244318 /* QrcodeReadViewController.swift */,
				1AEBD05123A9B6BA00B362AB /* GenerateQR.swift */,
				1A7EE91B23ED267E007BA87D /* FlashButton.swift */,
			);
			path = qr;
			sourceTree = "<group>";
		};
		246557AA23E1BE740075E40E /* friend */ = {
			isa = PBXGroup;
			children = (
				1AC5D1DE23F4F334004EA73E /* FriendDetailViewController.swift */,
				CCB193FC23AB14A000244318 /* AddFriendViewController.swift */,
				CCB193FA23AB141300244318 /* AddFriendoAuthViewController.swift */,
				CC7A2B5F23D1529D00D0127A /* FriendTableViewController.swift */,
			);
			path = friend;
			sourceTree = "<group>";
		};
		246557AB23E1BE840075E40E /* group */ = {
			isa = PBXGroup;
			children = (
				CCB35A7A23D56CB300027D13 /* GroupTableViewController.swift */,
				246557B223E271450075E40E /* GroupCreateViewController.swift */,
				246D919323E309CC00220622 /* GroupSettingViewController.swift */,
			);
			path = group;
			sourceTree = "<group>";
		};
		246557AC23E1BE9B0075E40E /* chat */ = {
			isa = PBXGroup;
			children = (
				1AFC8CB323D6D2D5001725D9 /* ChatListViewController.swift */,
				1A7EE91723EA4851007BA87D /* ChatViewController.swift */,
			);
			path = chat;
			sourceTree = "<group>";
		};
		246557AD23E1BF510075E40E /* Utils */ = {
			isa = PBXGroup;
			children = (
				CC5D0AF323AC6AC200030825 /* StringExt.swift */,
				246557A423E12BF20075E40E /* UIView+Border.swift */,
				246D919123E27F3D00220622 /* UIViewController+Extension.swift */,
			);
			path = Utils;
			sourceTree = "<group>";
		};
		246557AE23E1BF6B0075E40E /* camera */ = {
			isa = PBXGroup;
			children = (
				2424369B23E5C44100759EE4 /* Effects */,
				2424365923E5ABCE00759EE4 /* CameraController.swift */,
				2424365B23E5ABE100759EE4 /* test.storyboard */,
				1A3D864323B22BB2005DE595 /* Camera.swift */,
				1A3D864523B22DA5005DE595 /* Camera.storyboard */,
			);
			path = camera;
			sourceTree = "<group>";
		};
		246557AF23E1DADF0075E40E /* Model */ = {
			isa = PBXGroup;
			children = (
				246557B023E1DB210075E40E /* Friend.swift */,
				2455B51823E32FE2000D7EC6 /* group.swift */,
				2455B51A23E33AD2000D7EC6 /* Vault.swift */,
				2455B51C23E57723000D7EC6 /* Account.swift */,
				1A7EE91923EA55C7007BA87D /* MockMessage.swift */,
			);
			path = Model;
			sourceTree = "<group>";
		};
		2BAFF46AF4470D25AA3451EC /* Frameworks */ = {
			isa = PBXGroup;
			children = (
				2424365723E5ABC400759EE4 /* DeepAR.framework */,
				7289F2C5335F065664C861B0 /* Pods_Sunny.framework */,
			);
			name = Frameworks;
			sourceTree = "<group>";
		};
		CCFAE9892399E9100003F3E2 = {
			isa = PBXGroup;
			children = (
				CCFAE9942399E9100003F3E2 /* Sunny */,
				CCFAE9932399E9100003F3E2 /* Products */,
				1A3D864723B24600005DE595 /* FaceTrakingTests */,
				1A3D864923B24612005DE595 /* FaceTrakingUITests */,
				0F1645C168B10E78B7280563 /* Pods */,
				2BAFF46AF4470D25AA3451EC /* Frameworks */,
			);
			sourceTree = "<group>";
		};
		CCFAE9932399E9100003F3E2 /* Products */ = {
			isa = PBXGroup;
			children = (
				CCFAE9922399E9100003F3E2 /* Sunny.app */,
			);
			name = Products;
			sourceTree = "<group>";
		};
		CCFAE9942399E9100003F3E2 /* Sunny */ = {
			isa = PBXGroup;
			children = (
				2455B51E23E57FB4000D7EC6 /* db */,
				246557AF23E1DADF0075E40E /* Model */,
				246557AD23E1BF510075E40E /* Utils */,
				246557A723E1BDCF0075E40E /* Menu */,
				246557A623E1BD650075E40E /* Login */,
				1AA621C2239F724D0077D331 /* GoogleService-Info.plist */,
				CCFAE9952399E9100003F3E2 /* AppDelegate.swift */,
				CCFAE9972399E9100003F3E2 /* SceneDelegate.swift */,
				7E78DCF923A9CAD40045923D /* Sub.storyboard */,
				CCFAE9A12399E9160003F3E2 /* Assets.xcassets */,
				CCFAE9A62399E9160003F3E2 /* Info.plist */,
				CCFAE99E2399E9100003F3E2 /* Sunny.xcdatamodeld */,
				CCA17C4123B09B9F00323811 /* AccountDetailsViewController.swift */,
				1AFC8CB123D6D1B1001725D9 /* PageViewController.swift */,
			);
			path = Sunny;
			sourceTree = "<group>";
		};
/* End PBXGroup section */

/* Begin PBXNativeTarget section */
		CCFAE9912399E9100003F3E2 /* Sunny */ = {
			isa = PBXNativeTarget;
			buildConfigurationList = CCFAE9A92399E9160003F3E2 /* Build configuration list for PBXNativeTarget "Sunny" */;
			buildPhases = (
				D1D1AB693B5C296AB98338C4 /* [CP] Check Pods Manifest.lock */,
				CCFAE98E2399E9100003F3E2 /* Sources */,
				CCFAE98F2399E9100003F3E2 /* Frameworks */,
				CCFAE9902399E9100003F3E2 /* Resources */,
				1EE0821E519671FE78CF10EA /* [CP] Embed Pods Frameworks */,
				3822695D78F7608AA1CA967A /* [CP] Copy Pods Resources */,
				2424369A23E5B58A00759EE4 /* Embed Frameworks */,
			);
			buildRules = (
			);
			dependencies = (
			);
			name = Sunny;
			productName = Sunny;
			productReference = CCFAE9922399E9100003F3E2 /* Sunny.app */;
			productType = "com.apple.product-type.application";
		};
/* End PBXNativeTarget section */

/* Begin PBXProject section */
		CCFAE98A2399E9100003F3E2 /* Project object */ = {
			isa = PBXProject;
			attributes = {
				LastSwiftUpdateCheck = 1120;
				LastUpgradeCheck = 1120;
				ORGANIZATIONNAME = "石井翔真";
				TargetAttributes = {
					CCFAE9912399E9100003F3E2 = {
						CreatedOnToolsVersion = 11.2;
					};
				};
			};
			buildConfigurationList = CCFAE98D2399E9100003F3E2 /* Build configuration list for PBXProject "Sunny" */;
			compatibilityVersion = "Xcode 9.3";
			developmentRegion = en;
			hasScannedForEncodings = 0;
			knownRegions = (
				en,
				Base,
			);
			mainGroup = CCFAE9892399E9100003F3E2;
			productRefGroup = CCFAE9932399E9100003F3E2 /* Products */;
			projectDirPath = "";
			projectRoot = "";
			targets = (
				CCFAE9912399E9100003F3E2 /* Sunny */,
			);
		};
/* End PBXProject section */

/* Begin PBXResourcesBuildPhase section */
		CCFAE9902399E9100003F3E2 /* Resources */ = {
			isa = PBXResourcesBuildPhase;
			buildActionMask = 2147483647;
			files = (
				242436D023E5C48E00759EE4 /* heart in Resources */,
				242436D323E5C48E00759EE4 /* smallface in Resources */,
				242436CC23E5C48E00759EE4 /* drawingmanga in Resources */,
				242436BB23E5C48E00759EE4 /* realvhs in Resources */,
				CCFAE9A22399E9160003F3E2 /* Assets.xcassets in Resources */,
				242436BA23E5C48E00759EE4 /* dalmatian in Resources */,
				242436BE23E5C48E00759EE4 /* kanye in Resources */,
				242436B823E5C48E00759EE4 /* blizzard in Resources */,
				242436BC23E5C48E00759EE4 /* sleepingmask in Resources */,
				242436C723E5C48E00759EE4 /* rain in Resources */,
				242436C123E5C48E00759EE4 /* tv80 in Resources */,
				1AA621C3239F724D0077D331 /* GoogleService-Info.plist in Resources */,
				242436CD23E5C48E00759EE4 /* fire in Resources */,
				242436BF23E5C48E00759EE4 /* bigmouth in Resources */,
				242436BD23E5C48E00759EE4 /* teddycigar in Resources */,
				CCFAE99D2399E9100003F3E2 /* Main.storyboard in Resources */,
				242436C623E5C48E00759EE4 /* fatify in Resources */,
				242436C523E5C48E00759EE4 /* koala in Resources */,
				1A3D864A23B24612005DE595 /* FaceTrakingUITests in Resources */,
				242436CA23E5C48E00759EE4 /* mudMask in Resources */,
				242436C023E5C48E00759EE4 /* grumpycat in Resources */,
				242436C323E5C48E00759EE4 /* aviators in Resources */,
				242436D123E5C48E00759EE4 /* obama in Resources */,
				7E78DCFB23A9CAD40045923D /* Sub.storyboard in Resources */,
				242436C423E5C48E00759EE4 /* filmcolorperfection in Resources */,
				242436C223E5C48E00759EE4 /* slash in Resources */,
				1A3D864823B24601005DE595 /* FaceTrakingTests in Resources */,
				242436D223E5C48E00759EE4 /* pug in Resources */,
				2424365C23E5ABE100759EE4 /* test.storyboard in Resources */,
				242436B923E5C48E00759EE4 /* twistedFace in Resources */,
				242436C923E5C48E00759EE4 /* flowers in Resources */,
				242436CB23E5C48E00759EE4 /* tripleface in Resources */,
				242436CE23E5C48E00759EE4 /* lion in Resources */,
				242436CF23E5C48E00759EE4 /* bleachbypass in Resources */,
				1A3D864623B22DA5005DE595 /* Camera.storyboard in Resources */,
				242436C823E5C48E00759EE4 /* sepia in Resources */,
			);
			runOnlyForDeploymentPostprocessing = 0;
		};
/* End PBXResourcesBuildPhase section */

/* Begin PBXShellScriptBuildPhase section */
		1EE0821E519671FE78CF10EA /* [CP] Embed Pods Frameworks */ = {
			isa = PBXShellScriptBuildPhase;
			buildActionMask = 2147483647;
			files = (
			);
			inputFileListPaths = (
				"${PODS_ROOT}/Target Support Files/Pods-Sunny/Pods-Sunny-frameworks-${CONFIGURATION}-input-files.xcfilelist",
			);
			name = "[CP] Embed Pods Frameworks";
			outputFileListPaths = (
				"${PODS_ROOT}/Target Support Files/Pods-Sunny/Pods-Sunny-frameworks-${CONFIGURATION}-output-files.xcfilelist",
			);
			runOnlyForDeploymentPostprocessing = 0;
			shellPath = /bin/sh;
			shellScript = "\"${PODS_ROOT}/Target Support Files/Pods-Sunny/Pods-Sunny-frameworks.sh\"\n";
			showEnvVarsInLog = 0;
		};
		3822695D78F7608AA1CA967A /* [CP] Copy Pods Resources */ = {
			isa = PBXShellScriptBuildPhase;
			buildActionMask = 2147483647;
			files = (
			);
			inputFileListPaths = (
				"${PODS_ROOT}/Target Support Files/Pods-Sunny/Pods-Sunny-resources-${CONFIGURATION}-input-files.xcfilelist",
			);
			name = "[CP] Copy Pods Resources";
			outputFileListPaths = (
				"${PODS_ROOT}/Target Support Files/Pods-Sunny/Pods-Sunny-resources-${CONFIGURATION}-output-files.xcfilelist",
			);
			runOnlyForDeploymentPostprocessing = 0;
			shellPath = /bin/sh;
			shellScript = "\"${PODS_ROOT}/Target Support Files/Pods-Sunny/Pods-Sunny-resources.sh\"\n";
			showEnvVarsInLog = 0;
		};
		D1D1AB693B5C296AB98338C4 /* [CP] Check Pods Manifest.lock */ = {
			isa = PBXShellScriptBuildPhase;
			buildActionMask = 2147483647;
			files = (
			);
			inputFileListPaths = (
			);
			inputPaths = (
				"${PODS_PODFILE_DIR_PATH}/Podfile.lock",
				"${PODS_ROOT}/Manifest.lock",
			);
			name = "[CP] Check Pods Manifest.lock";
			outputFileListPaths = (
			);
			outputPaths = (
				"$(DERIVED_FILE_DIR)/Pods-Sunny-checkManifestLockResult.txt",
			);
			runOnlyForDeploymentPostprocessing = 0;
			shellPath = /bin/sh;
			shellScript = "diff \"${PODS_PODFILE_DIR_PATH}/Podfile.lock\" \"${PODS_ROOT}/Manifest.lock\" > /dev/null\nif [ $? != 0 ] ; then\n    # print error to STDERR\n    echo \"error: The sandbox is not in sync with the Podfile.lock. Run 'pod install' or update your CocoaPods installation.\" >&2\n    exit 1\nfi\n# This output is used by Xcode 'outputs' to avoid re-running this script phase.\necho \"SUCCESS\" > \"${SCRIPT_OUTPUT_FILE_0}\"\n";
			showEnvVarsInLog = 0;
		};
/* End PBXShellScriptBuildPhase section */

/* Begin PBXSourcesBuildPhase section */
		CCFAE98E2399E9100003F3E2 /* Sources */ = {
			isa = PBXSourcesBuildPhase;
			buildActionMask = 2147483647;
			files = (
				2424365A23E5ABCE00759EE4 /* CameraController.swift in Sources */,
				246D919223E27F3D00220622 /* UIViewController+Extension.swift in Sources */,
				1A3D864423B22BB2005DE595 /* Camera.swift in Sources */,
				2455B52023E57FF1000D7EC6 /* DB.swift in Sources */,
				1AA621C1239F719C0077D331 /* LoginViewController.swift in Sources */,
				CC7A2B6023D1529D00D0127A /* FriendTableViewController.swift in Sources */,
				1AEBD05223A9B6BA00B362AB /* GenerateQR.swift in Sources */,
				1AEBD04E23A75B6C00B362AB /* AccountSetViewController.swift in Sources */,
				1AC5D1DF23F4F334004EA73E /* FriendDetailViewController.swift in Sources */,
				CCFAE99A2399E9100003F3E2 /* ViewController.swift in Sources */,
				2455B51923E32FE2000D7EC6 /* group.swift in Sources */,
				CCFAE9962399E9100003F3E2 /* AppDelegate.swift in Sources */,
				CCFAE9982399E9100003F3E2 /* SceneDelegate.swift in Sources */,
				CC995947239A159200DEA54E /* AccountcreateViewController.swift in Sources */,
				246557A523E12BF20075E40E /* UIView+Border.swift in Sources */,
				246557B323E271450075E40E /* GroupCreateViewController.swift in Sources */,
				CCB193F923AB073400244318 /* QrcodeReadViewController.swift in Sources */,
				CC995949239A251600DEA54E /* topViewController.swift in Sources */,
				CCB193FB23AB141300244318 /* AddFriendoAuthViewController.swift in Sources */,
				CC5D0AF423AC6AC200030825 /* StringExt.swift in Sources */,
				CCA17C4223B09B9F00323811 /* AccountDetailsViewController.swift in Sources */,
				1AFC8CB423D6D2D5001725D9 /* ChatListViewController.swift in Sources */,
				1AFC8CB223D6D1B1001725D9 /* PageViewController.swift in Sources */,
				2455B51D23E57723000D7EC6 /* Account.swift in Sources */,
				1A7EE91C23ED267E007BA87D /* FlashButton.swift in Sources */,
				CCFAE9A02399E9100003F3E2 /* Sunny.xcdatamodeld in Sources */,
				246557B123E1DB210075E40E /* Friend.swift in Sources */,
				1AEBD05023A76A2700B362AB /* MyAccountViewController.swift in Sources */,
				CCB193FD23AB14A000244318 /* AddFriendViewController.swift in Sources */,
				1A7EE91A23EA55C7007BA87D /* MockMessage.swift in Sources */,
				2455B51B23E33AD2000D7EC6 /* Vault.swift in Sources */,
				246D919423E309CD00220622 /* GroupSettingViewController.swift in Sources */,
				CCB35A7B23D56CB300027D13 /* GroupTableViewController.swift in Sources */,
				1A7EE91823EA4851007BA87D /* ChatViewController.swift in Sources */,
			);
			runOnlyForDeploymentPostprocessing = 0;
		};
/* End PBXSourcesBuildPhase section */

/* Begin PBXVariantGroup section */
		7E78DCF923A9CAD40045923D /* Sub.storyboard */ = {
			isa = PBXVariantGroup;
			children = (
				7E78DCFA23A9CAD40045923D /* Base */,
			);
			name = Sub.storyboard;
			sourceTree = "<group>";
		};
		CCFAE99B2399E9100003F3E2 /* Main.storyboard */ = {
			isa = PBXVariantGroup;
			children = (
				CCFAE99C2399E9100003F3E2 /* Base */,
			);
			name = Main.storyboard;
			sourceTree = "<group>";
		};
/* End PBXVariantGroup section */

/* Begin XCBuildConfiguration section */
		CCFAE9A72399E9160003F3E2 /* Debug */ = {
			isa = XCBuildConfiguration;
			buildSettings = {
				ALWAYS_SEARCH_USER_PATHS = NO;
				CLANG_ANALYZER_NONNULL = YES;
				CLANG_ANALYZER_NUMBER_OBJECT_CONVERSION = YES_AGGRESSIVE;
				CLANG_CXX_LANGUAGE_STANDARD = "gnu++14";
				CLANG_CXX_LIBRARY = "libc++";
				CLANG_ENABLE_MODULES = YES;
				CLANG_ENABLE_OBJC_ARC = YES;
				CLANG_ENABLE_OBJC_WEAK = YES;
				CLANG_WARN_BLOCK_CAPTURE_AUTORELEASING = YES;
				CLANG_WARN_BOOL_CONVERSION = YES;
				CLANG_WARN_COMMA = YES;
				CLANG_WARN_CONSTANT_CONVERSION = YES;
				CLANG_WARN_DEPRECATED_OBJC_IMPLEMENTATIONS = YES;
				CLANG_WARN_DIRECT_OBJC_ISA_USAGE = YES_ERROR;
				CLANG_WARN_DOCUMENTATION_COMMENTS = YES;
				CLANG_WARN_EMPTY_BODY = YES;
				CLANG_WARN_ENUM_CONVERSION = YES;
				CLANG_WARN_INFINITE_RECURSION = YES;
				CLANG_WARN_INT_CONVERSION = YES;
				CLANG_WARN_NON_LITERAL_NULL_CONVERSION = YES;
				CLANG_WARN_OBJC_IMPLICIT_RETAIN_SELF = YES;
				CLANG_WARN_OBJC_LITERAL_CONVERSION = YES;
				CLANG_WARN_OBJC_ROOT_CLASS = YES_ERROR;
				CLANG_WARN_RANGE_LOOP_ANALYSIS = YES;
				CLANG_WARN_STRICT_PROTOTYPES = YES;
				CLANG_WARN_SUSPICIOUS_MOVE = YES;
				CLANG_WARN_UNGUARDED_AVAILABILITY = YES_AGGRESSIVE;
				CLANG_WARN_UNREACHABLE_CODE = YES;
				CLANG_WARN__DUPLICATE_METHOD_MATCH = YES;
				COPY_PHASE_STRIP = NO;
				DEBUG_INFORMATION_FORMAT = dwarf;
				ENABLE_STRICT_OBJC_MSGSEND = YES;
				ENABLE_TESTABILITY = YES;
				GCC_C_LANGUAGE_STANDARD = gnu11;
				GCC_DYNAMIC_NO_PIC = NO;
				GCC_NO_COMMON_BLOCKS = YES;
				GCC_OPTIMIZATION_LEVEL = 0;
				GCC_PREPROCESSOR_DEFINITIONS = (
					"DEBUG=1",
					"$(inherited)",
				);
				GCC_WARN_64_TO_32_BIT_CONVERSION = YES;
				GCC_WARN_ABOUT_RETURN_TYPE = YES_ERROR;
				GCC_WARN_UNDECLARED_SELECTOR = YES;
				GCC_WARN_UNINITIALIZED_AUTOS = YES_AGGRESSIVE;
				GCC_WARN_UNUSED_FUNCTION = YES;
				GCC_WARN_UNUSED_VARIABLE = YES;
				IPHONEOS_DEPLOYMENT_TARGET = 13.2;
				MTL_ENABLE_DEBUG_INFO = INCLUDE_SOURCE;
				MTL_FAST_MATH = YES;
				ONLY_ACTIVE_ARCH = YES;
				SDKROOT = iphoneos;
				SWIFT_ACTIVE_COMPILATION_CONDITIONS = DEBUG;
				SWIFT_OPTIMIZATION_LEVEL = "-Onone";
			};
			name = Debug;
		};
		CCFAE9A82399E9160003F3E2 /* Release */ = {
			isa = XCBuildConfiguration;
			buildSettings = {
				ALWAYS_SEARCH_USER_PATHS = NO;
				CLANG_ANALYZER_NONNULL = YES;
				CLANG_ANALYZER_NUMBER_OBJECT_CONVERSION = YES_AGGRESSIVE;
				CLANG_CXX_LANGUAGE_STANDARD = "gnu++14";
				CLANG_CXX_LIBRARY = "libc++";
				CLANG_ENABLE_MODULES = YES;
				CLANG_ENABLE_OBJC_ARC = YES;
				CLANG_ENABLE_OBJC_WEAK = YES;
				CLANG_WARN_BLOCK_CAPTURE_AUTORELEASING = YES;
				CLANG_WARN_BOOL_CONVERSION = YES;
				CLANG_WARN_COMMA = YES;
				CLANG_WARN_CONSTANT_CONVERSION = YES;
				CLANG_WARN_DEPRECATED_OBJC_IMPLEMENTATIONS = YES;
				CLANG_WARN_DIRECT_OBJC_ISA_USAGE = YES_ERROR;
				CLANG_WARN_DOCUMENTATION_COMMENTS = YES;
				CLANG_WARN_EMPTY_BODY = YES;
				CLANG_WARN_ENUM_CONVERSION = YES;
				CLANG_WARN_INFINITE_RECURSION = YES;
				CLANG_WARN_INT_CONVERSION = YES;
				CLANG_WARN_NON_LITERAL_NULL_CONVERSION = YES;
				CLANG_WARN_OBJC_IMPLICIT_RETAIN_SELF = YES;
				CLANG_WARN_OBJC_LITERAL_CONVERSION = YES;
				CLANG_WARN_OBJC_ROOT_CLASS = YES_ERROR;
				CLANG_WARN_RANGE_LOOP_ANALYSIS = YES;
				CLANG_WARN_STRICT_PROTOTYPES = YES;
				CLANG_WARN_SUSPICIOUS_MOVE = YES;
				CLANG_WARN_UNGUARDED_AVAILABILITY = YES_AGGRESSIVE;
				CLANG_WARN_UNREACHABLE_CODE = YES;
				CLANG_WARN__DUPLICATE_METHOD_MATCH = YES;
				COPY_PHASE_STRIP = NO;
				DEBUG_INFORMATION_FORMAT = "dwarf-with-dsym";
				ENABLE_NS_ASSERTIONS = NO;
				ENABLE_STRICT_OBJC_MSGSEND = YES;
				GCC_C_LANGUAGE_STANDARD = gnu11;
				GCC_NO_COMMON_BLOCKS = YES;
				GCC_WARN_64_TO_32_BIT_CONVERSION = YES;
				GCC_WARN_ABOUT_RETURN_TYPE = YES_ERROR;
				GCC_WARN_UNDECLARED_SELECTOR = YES;
				GCC_WARN_UNINITIALIZED_AUTOS = YES_AGGRESSIVE;
				GCC_WARN_UNUSED_FUNCTION = YES;
				GCC_WARN_UNUSED_VARIABLE = YES;
				IPHONEOS_DEPLOYMENT_TARGET = 13.2;
				MTL_ENABLE_DEBUG_INFO = NO;
				MTL_FAST_MATH = YES;
				SDKROOT = iphoneos;
				SWIFT_COMPILATION_MODE = wholemodule;
				SWIFT_OPTIMIZATION_LEVEL = "-O";
				VALIDATE_PRODUCT = YES;
			};
			name = Release;
		};
		CCFAE9AA2399E9160003F3E2 /* Debug */ = {
			isa = XCBuildConfiguration;
			baseConfigurationReference = ABEEE697902595EB4B4ECAEA /* Pods-Sunny.debug.xcconfig */;
			buildSettings = {
				ASSETCATALOG_COMPILER_APPICON_NAME = AppIcon;
				CODE_SIGN_IDENTITY = "Apple Development";
				CODE_SIGN_STYLE = Automatic;
				DEVELOPMENT_TEAM = ATXD4M2CY3;
				FRAMEWORK_SEARCH_PATHS = (
					"$(inherited)",
					"$(PROJECT_DIR)",
				);
				INFOPLIST_FILE = Sunny/Info.plist;
				IPHONEOS_DEPLOYMENT_TARGET = 13.1;
				LD_RUNPATH_SEARCH_PATHS = (
					"$(inherited)",
					"@executable_path/Frameworks",
				);
				PRODUCT_BUNDLE_IDENTIFIER = com.fools.Sunny;
				PRODUCT_NAME = "$(TARGET_NAME)";
				PROVISIONING_PROFILE_SPECIFIER = "";
				SWIFT_VERSION = 5.0;
				TARGETED_DEVICE_FAMILY = "1,2";
			};
			name = Debug;
		};
		CCFAE9AB2399E9160003F3E2 /* Release */ = {
			isa = XCBuildConfiguration;
			baseConfigurationReference = C8DE33C4F96F24FAD806A860 /* Pods-Sunny.release.xcconfig */;
			buildSettings = {
				ASSETCATALOG_COMPILER_APPICON_NAME = AppIcon;
				CODE_SIGN_IDENTITY = "Apple Development";
				CODE_SIGN_STYLE = Automatic;
				DEVELOPMENT_TEAM = ATXD4M2CY3;
				FRAMEWORK_SEARCH_PATHS = (
					"$(inherited)",
					"$(PROJECT_DIR)",
				);
				INFOPLIST_FILE = Sunny/Info.plist;
				IPHONEOS_DEPLOYMENT_TARGET = 13.1;
				LD_RUNPATH_SEARCH_PATHS = (
					"$(inherited)",
					"@executable_path/Frameworks",
				);
				PRODUCT_BUNDLE_IDENTIFIER = com.fools.Sunny;
				PRODUCT_NAME = "$(TARGET_NAME)";
				PROVISIONING_PROFILE_SPECIFIER = "";
				SWIFT_VERSION = 5.0;
				TARGETED_DEVICE_FAMILY = "1,2";
			};
			name = Release;
		};
/* End XCBuildConfiguration section */

/* Begin XCConfigurationList section */
		CCFAE98D2399E9100003F3E2 /* Build configuration list for PBXProject "Sunny" */ = {
			isa = XCConfigurationList;
			buildConfigurations = (
				CCFAE9A72399E9160003F3E2 /* Debug */,
				CCFAE9A82399E9160003F3E2 /* Release */,
			);
			defaultConfigurationIsVisible = 0;
			defaultConfigurationName = Release;
		};
		CCFAE9A92399E9160003F3E2 /* Build configuration list for PBXNativeTarget "Sunny" */ = {
			isa = XCConfigurationList;
			buildConfigurations = (
				CCFAE9AA2399E9160003F3E2 /* Debug */,
				CCFAE9AB2399E9160003F3E2 /* Release */,
			);
			defaultConfigurationIsVisible = 0;
			defaultConfigurationName = Release;
		};
/* End XCConfigurationList section */

/* Begin XCVersionGroup section */
		CCFAE99E2399E9100003F3E2 /* Sunny.xcdatamodeld */ = {
			isa = XCVersionGroup;
			children = (
				CCFAE99F2399E9100003F3E2 /* Sunny.xcdatamodel */,
			);
			currentVersion = CCFAE99F2399E9100003F3E2 /* Sunny.xcdatamodel */;
			path = Sunny.xcdatamodeld;
			sourceTree = "<group>";
			versionGroupType = wrapper.xcdatamodel;
		};
/* End XCVersionGroup section */
	};
	rootObject = CCFAE98A2399E9100003F3E2 /* Project object */;
}
